dependencies:
  espressif/esp_hosted:
    component_hash: 6dd02b8e57add9907bbd28c62065d80d5a88687dc949cfcafb2557782ee46841
    dependencies:
    - name: idf
      require: private
      version: '>=5.3'
    source:
      registry_url: https://components.espressif.com/
      type: service
    version: 1.0.2
  idf:
    source:
      type: idf
    version: 5.3.1
direct_dependencies:
- espressif/esp_hosted
- idf
manifest_hash: f1d63a8780119dd2ecaa29052361dacbd2c89e94cdc0662672cf578b79d48717
target: esp32
version: 2.0.0
